
Microsoft Visual Studio Solution File, Format Version 12.00
# Visual Studio Version 17
VisualStudioVersion = 17.4.33213.308
MinimumVisualStudioVersion = 10.0.40219.1
Project("{9A19103F-16F7-4668-BE54-9A1E7A4F7556}") = "trackingapi1", "trackingapi1\trackingapi1.csproj", "{12443261-8DF5-4751-891A-B358EE8E5001}"
EndProject
Project("{FAE04EC0-301F-11D3-BF4B-00C04F79EFBC}") = "tracking.client", "tracking.client\tracking.client.csproj", "{382D49CA-783D-43BE-BDF3-BD1FCE87747B}"
EndProject
Global
	GlobalSection(SolutionConfigurationPlatforms) = preSolution
		Debug|Any CPU = Debug|Any CPU
		Release|Any CPU = Release|Any CPU
	EndGlobalSection
	GlobalSection(ProjectConfigurationPlatforms) = postSolution
		{12443261-8DF5-4751-891A-B358EE8E5001}.Debug|Any CPU.ActiveCfg = Debug|Any CPU
		{12443261-8DF5-4751-891A-B358EE8E5001}.Debug|Any CPU.Build.0 = Debug|Any CPU
		{12443261-8DF5-4751-891A-B358EE8E5001}.Release|Any CPU.ActiveCfg = Release|Any CPU
		{12443261-8DF5-4751-891A-B358EE8E5001}.Release|Any CPU.Build.0 = Release|Any CPU
		{382D49CA-783D-43BE-BDF3-BD1FCE87747B}.Debug|Any CPU.ActiveCfg = Debug|Any CPU
		{382D49CA-783D-43BE-BDF3-BD1FCE87747B}.Debug|Any CPU.Build.0 = Debug|Any CPU
		{382D49CA-783D-43BE-BDF3-BD1FCE87747B}.Release|Any CPU.ActiveCfg = Release|Any CPU
		{382D49CA-783D-43BE-BDF3-BD1FCE87747B}.Release|Any CPU.Build.0 = Release|Any CPU
	EndGlobalSection
	GlobalSection(SolutionProperties) = preSolution
		HideSolutionNode = FALSE
	EndGlobalSection
	GlobalSection(ExtensibilityGlobals) = postSolution
		SolutionGuid = {437063CD-31E2-42AC-846E-AE238BC8F11A}
	EndGlobalSection
EndGlobal
